
Microsoft Visual Studio Solution File, Format Version 12.00
# Visual Studio Version 17
VisualStudioVersion = 17.12.35527.113 d17.12
MinimumVisualStudioVersion = 10.0.40219.1
Project("{FAE04EC0-301F-11D3-BF4B-00C04F79EFBC}") = "Parallel", "Parallel.csproj", "{9CA22A7D-2BBB-4F13-ADB6-D4A09B669034}"
EndProject
Global
	GlobalSection(SolutionConfigurationPlatforms) = preSolution
		Debug|Any CPU = Debug|Any CPU
		Release|Any CPU = Release|Any CPU
	EndGlobalSection
	GlobalSection(ProjectConfigurationPlatforms) = postSolution
		{9CA22A7D-2BBB-4F13-ADB6-D4A09B669034}.Debug|Any CPU.ActiveCfg = Debug|Any CPU
		{9CA22A7D-2BBB-4F13-ADB6-D4A09B669034}.Debug|Any CPU.Build.0 = Debug|Any CPU
		{9CA22A7D-2BBB-4F13-ADB6-D4A09B669034}.Release|Any CPU.ActiveCfg = Release|Any CPU
		{9CA22A7D-2BBB-4F13-ADB6-D4A09B669034}.Release|Any CPU.Build.0 = Release|Any CPU
	EndGlobalSection
	GlobalSection(SolutionProperties) = preSolution
		HideSolutionNode = FALSE
	EndGlobalSection
EndGlobal
